
Microsoft Visual Studio Solution File, Format Version 12.00
# Visual Studio Version 17
VisualStudioVersion = 17.3.32929.385
MinimumVisualStudioVersion = 10.0.40219.1
Project("{00D1A9C2-B5F0-4AF3-8072-F6C62B433612}") = "rusha_database", "rusha_database.sqlproj", "{8A8BDEC2-6B79-442C-A62A-A87A0015691C}"
EndProject
Global
	GlobalSection(SolutionConfigurationPlatforms) = preSolution
		Debug|Any CPU = Debug|Any CPU
		Release|Any CPU = Release|Any CPU
	EndGlobalSection
	GlobalSection(ProjectConfigurationPlatforms) = postSolution
		{8A8BDEC2-6B79-442C-A62A-A87A0015691C}.Debug|Any CPU.ActiveCfg = Debug|Any CPU
		{8A8BDEC2-6B79-442C-A62A-A87A0015691C}.Debug|Any CPU.Build.0 = Debug|Any CPU
		{8A8BDEC2-6B79-442C-A62A-A87A0015691C}.Debug|Any CPU.Deploy.0 = Debug|Any CPU
		{8A8BDEC2-6B79-442C-A62A-A87A0015691C}.Release|Any CPU.ActiveCfg = Release|Any CPU
		{8A8BDEC2-6B79-442C-A62A-A87A0015691C}.Release|Any CPU.Build.0 = Release|Any CPU
		{8A8BDEC2-6B79-442C-A62A-A87A0015691C}.Release|Any CPU.Deploy.0 = Release|Any CPU
	EndGlobalSection
	GlobalSection(SolutionProperties) = preSolution
		HideSolutionNode = FALSE
	EndGlobalSection
	GlobalSection(ExtensibilityGlobals) = postSolution
		SolutionGuid = {DF8F4781-0531-464F-BB80-8BB5FA7155DA}
	EndGlobalSection
EndGlobal
